{
  "name": "datatables.net-searchbuilder",
  "version": "1.0.1",
  "lockfileVersion": 1,
  "requires": true,
  "dependencies": {
    "@types/estree": {
      "version": "0.0.39",
      "resolved": "https://registry.npmjs.org/@types/estree/-/estree-0.0.39.tgz",
      "integrity": "sha512-EYNwp3bU+98cpU4lAWYYL7Zz+2gryWH1qbdDTidVd6hkiR6weksdbMadyXKXNPEkQFhXM+hVO9ZygomHXp+AIw=="
    },
    "@types/jquery": {
      "version": "3.3.35",
      "resolved": "https://registry.npmjs.org/@types/jquery/-/jquery-3.3.35.tgz",
      "integrity": "sha512-pnIELWhHXJ7RgoFylhiTxD+96QlKBJfEx8JCLj963/dh7zBOKFkZ6rlNqbaCcn2JZrsAxCI8WhgRXznBx2iDsA==",
      "dev": true,
      "requires": {
        "@types/sizzle": "*"
      }
    },
    "@types/sizzle": {
      "version": "2.3.2",
      "resolved": "https://registry.npmjs.org/@types/sizzle/-/sizzle-2.3.2.tgz",
      "integrity": "sha512-7EJYyKTL7tFR8+gDbB6Wwz/arpGa0Mywk1TJbNzKzHtzbwVmY4HR9WqS5VV7dsBUKQmPNr192jHr/VpBluj/hg==",
      "dev": true
    },
    "datatables.net-datetime": {
      "version": "0.0.4",
      "resolved": "https://registry.npmjs.org/datatables.net-datetime/-/datatables.net-datetime-0.0.4.tgz",
      "integrity": "sha512-s1iKzL+4/hBUvumLzQT8j8BTwW5SLyAzGDqJHoQ+3gB9+LRIedug6KQvo4Afdjuhv1iKyualLJPQ99tzjqDl4w=="
    },
    "doctrine": {
      "version": "0.7.2",
      "resolved": "https://registry.npmjs.org/doctrine/-/doctrine-0.7.2.tgz",
      "integrity": "sha1-fLhgNZujvpDgQLJrcpzkv6ZUxSM=",
      "requires": {
        "esutils": "^1.1.6",
        "isarray": "0.0.1"
      }
    },
    "esutils": {
      "version": "1.1.6",
      "resolved": "https://registry.npmjs.org/esutils/-/esutils-1.1.6.tgz",
      "integrity": "sha1-wBzKqa5LiXxtDD4hCuUvPHqEQ3U="
    },
    "isarray": {
      "version": "0.0.1",
      "resolved": "https://registry.npmjs.org/isarray/-/isarray-0.0.1.tgz",
      "integrity": "sha1-ihis/Kmo9Bd+Cav8YDiTmwXR7t8="
    },
    "rollup": {
      "version": "1.18.0",
      "resolved": "https://registry.npmjs.org/rollup/-/rollup-1.18.0.tgz",
      "integrity": "sha512-MBAWr6ectF948gW/bs/yfi0jW7DzwI8n0tEYG/ZMQutmK+blF/Oazyhg3oPqtScCGV8bzCtL9KzlzPtTriEOJA==",
      "requires": {
        "@types/estree": "0.0.39",
        "@types/node": "^12.6.3",
        "acorn": "^6.2.0"
      },
      "dependencies": {
        "@types/node": {
          "version": "12.6.9",
          "resolved": "https://registry.npmjs.org/@types/node/-/node-12.6.9.tgz",
          "integrity": "sha512-+YB9FtyxXGyD54p8rXwWaN1EWEyar5L58GlGWgtH2I9rGmLGBQcw63+0jw+ujqVavNuO47S1ByAjm9zdHMnskw=="
        },
        "acorn": {
          "version": "6.4.1",
          "resolved": "https://registry.npmjs.org/acorn/-/acorn-6.4.1.tgz",
          "integrity": "sha512-ZVA9k326Nwrj3Cj9jlh3wGFutC2ZornPNARZwsNYqQYgN0EsV2d53w5RN/co65Ohn4sUAUtb1rSUAOD6XN9idA=="
        }
      }
    },
    "tslint-eslint-rules": {
      "version": "5.4.0",
      "resolved": "https://registry.npmjs.org/tslint-eslint-rules/-/tslint-eslint-rules-5.4.0.tgz",
      "integrity": "sha512-WlSXE+J2vY/VPgIcqQuijMQiel+UtmXS+4nvK4ZzlDiqBfXse8FAvkNnTcYhnQyOTW5KFM+uRRGXxYhFpuBc6w==",
      "requires": {
        "doctrine": "0.7.2",
        "tslib": "1.9.0",
        "tsutils": "^3.0.0"
      },
      "dependencies": {
        "tslib": {
          "version": "1.9.0",
          "resolved": "https://registry.npmjs.org/tslib/-/tslib-1.9.0.tgz",
          "integrity": "sha512-f/qGG2tUkrISBlQZEjEqoZ3B2+npJjIf04H1wuAv9iA8i04Icp+61KRXxFdha22670NJopsZCIjhC3SnjPRKrQ=="
        },
        "tsutils": {
          "version": "3.17.1",
          "resolved": "https://registry.npmjs.org/tsutils/-/tsutils-3.17.1.tgz",
          "integrity": "sha512-kzeQ5B8H3w60nFY2g8cJIuH7JDpsALXySGtwGJ0p2LSjLgay3NdIpqq5SoOBe46bKDW2iq25irHCr8wjomUS2g==",
          "requires": {
            "tslib": "^1.8.1"
          }
        }
      }
    },
    "typescript": {
      "version": "3.5.3",
      "resolved": "https://registry.npmjs.org/typescript/-/typescript-3.5.3.tgz",
      "integrity": "sha512-ACzBtm/PhXBDId6a6sDJfroT2pOWt/oOnk4/dElG5G33ZL776N3Y6/6bKZJBFpd+b05F3Ct9qDjMeJmRWtE2/g==",
      "dev": true
    }
  }
}
