{
  "requires": true,
  "lockfileVersion": 1,
  "dependencies": {
    "@types/estree": {
      "version": "0.0.39",
      "resolved": "https://registry.npmjs.org/@types/estree/-/estree-0.0.39.tgz",
      "integrity": "sha512-EYNwp3bU+98cpU4lAWYYL7Zz+2gryWH1qbdDTidVd6hkiR6weksdbMadyXKXNPEkQFhXM+hVO9ZygomHXp+AIw=="
    },
    "acorn": {
      "version": "7.1.1",
      "resolved": "https://registry.npmjs.org/acorn/-/acorn-7.1.1.tgz",
      "integrity": "sha512-add7dgA5ppRPxCFJoAGfMDi7PIBXq1RtGo7BhbLaxwrXPOmw8gq48Y9ozT01hUKy9byMjlR20EJhu5zlkErEkg=="
    },
    "rollup": {
      "version": "1.18.0",
      "resolved": "https://registry.npmjs.org/rollup/-/rollup-1.18.0.tgz",
      "integrity": "sha512-MBAWr6ectF948gW/bs/yfi0jW7DzwI8n0tEYG/ZMQutmK+blF/Oazyhg3oPqtScCGV8bzCtL9KzlzPtTriEOJA==",
      "requires": {
        "@types/estree": "0.0.39",
        "@types/node": "^12.6.3",
        "acorn": "^6.2.0"
      },
      "dependencies": {
        "@types/node": {
          "version": "12.6.9",
          "resolved": "https://registry.npmjs.org/@types/node/-/node-12.6.9.tgz",
          "integrity": "sha512-+YB9FtyxXGyD54p8rXwWaN1EWEyar5L58GlGWgtH2I9rGmLGBQcw63+0jw+ujqVavNuO47S1ByAjm9zdHMnskw=="
        },
        "acorn": {
          "version": "6.4.1",
          "resolved": "https://registry.npmjs.org/acorn/-/acorn-6.4.1.tgz",
          "integrity": "sha512-ZVA9k326Nwrj3Cj9jlh3wGFutC2ZornPNARZwsNYqQYgN0EsV2d53w5RN/co65Ohn4sUAUtb1rSUAOD6XN9idA=="
        }
      }
    },
    "typescript": {
      "version": "3.5.3",
      "resolved": "https://registry.npmjs.org/typescript/-/typescript-3.5.3.tgz",
      "integrity": "sha512-ACzBtm/PhXBDId6a6sDJfroT2pOWt/oOnk4/dElG5G33ZL776N3Y6/6bKZJBFpd+b05F3Ct9qDjMeJmRWtE2/g=="
    }
  }
}
